
Microsoft Visual Studio Solution File, Format Version 12.00
# Visual Studio Version 17
VisualStudioVersion = 17.13.35913.81 d17.13
MinimumVisualStudioVersion = 10.0.40219.1
Project("{FAE04EC0-301F-11D3-BF4B-00C04F79EFBC}") = "IMDB_Database_Mandatory", "IMDB_Database_Mandatory\IMDB_Database_Mandatory.csproj", "{64F5CBD2-2D39-442C-8251-E31EE287601F}"
EndProject
Global
	GlobalSection(SolutionConfigurationPlatforms) = preSolution
		Debug|Any CPU = Debug|Any CPU
		Release|Any CPU = Release|Any CPU
	EndGlobalSection
	GlobalSection(ProjectConfigurationPlatforms) = postSolution
		{64F5CBD2-2D39-442C-8251-E31EE287601F}.Debug|Any CPU.ActiveCfg = Debug|Any CPU
		{64F5CBD2-2D39-442C-8251-E31EE287601F}.Debug|Any CPU.Build.0 = Debug|Any CPU
		{64F5CBD2-2D39-442C-8251-E31EE287601F}.Release|Any CPU.ActiveCfg = Release|Any CPU
		{64F5CBD2-2D39-442C-8251-E31EE287601F}.Release|Any CPU.Build.0 = Release|Any CPU
	EndGlobalSection
	GlobalSection(SolutionProperties) = preSolution
		HideSolutionNode = FALSE
	EndGlobalSection
	GlobalSection(ExtensibilityGlobals) = postSolution
		SolutionGuid = {88493B33-AE7D-4A4C-B7B9-C0DA43F1108B}
	EndGlobalSection
EndGlobal
